// !$*UTF8*$!
{
	archiveVersion = 1;
	classes = {
	};
	objectVersion = 56;
	objects = {

/* Begin PBXBuildFile section */
		6F8595A42AA38E9500565CBF /* AppIntent3.swift in Sources */ = {isa = PBXBuildFile; fileRef = 6FF4240C2AA381AB00EEB4B3 /* AppIntent3.swift */; };
		6F8595A52AA38E9700565CBF /* AppIntent2.swift in Sources */ = {isa = PBXBuildFile; fileRef = 6FF424062AA3270F00EEB4B3 /* AppIntent2.swift */; };
		6F8595A62AA38E9900565CBF /* AppIntent.swift in Sources */ = {isa = PBXBuildFile; fileRef = 6FF423F52AA078D800EEB4B3 /* AppIntent.swift */; };
		6F8595A82AA3923C00565CBF /* WaterWidget4.swift in Sources */ = {isa = PBXBuildFile; fileRef = 6F8595A72AA3923C00565CBF /* WaterWidget4.swift */; };
		6F8595AA2AA3933E00565CBF /* AppIntent4.swift in Sources */ = {isa = PBXBuildFile; fileRef = 6F8595A92AA3933E00565CBF /* AppIntent4.swift */; };
		6F8595AC2AA3964600565CBF /* ToggleMoel.swift in Sources */ = {isa = PBXBuildFile; fileRef = 6F8595AB2AA3964600565CBF /* ToggleMoel.swift */; };
		6F8595AD2AA3964600565CBF /* ToggleMoel.swift in Sources */ = {isa = PBXBuildFile; fileRef = 6F8595AB2AA3964600565CBF /* ToggleMoel.swift */; };
		6FF423D92AA0783B00EEB4B3 /* WdigetIslandApp.swift in Sources */ = {isa = PBXBuildFile; fileRef = 6FF423D82AA0783B00EEB4B3 /* WdigetIslandApp.swift */; };
		6FF423DB2AA0783B00EEB4B3 /* ContentView.swift in Sources */ = {isa = PBXBuildFile; fileRef = 6FF423DA2AA0783B00EEB4B3 /* ContentView.swift */; };
		6FF423DD2AA0783D00EEB4B3 /* Assets.xcassets in Resources */ = {isa = PBXBuildFile; fileRef = 6FF423DC2AA0783D00EEB4B3 /* Assets.xcassets */; };
		6FF423E02AA0783D00EEB4B3 /* Preview Assets.xcassets in Resources */ = {isa = PBXBuildFile; fileRef = 6FF423DF2AA0783D00EEB4B3 /* Preview Assets.xcassets */; };
		6FF423ED2AA078D800EEB4B3 /* WidgetKit.framework in Frameworks */ = {isa = PBXBuildFile; fileRef = 6FF423EC2AA078D700EEB4B3 /* WidgetKit.framework */; };
		6FF423EF2AA078D800EEB4B3 /* SwiftUI.framework in Frameworks */ = {isa = PBXBuildFile; fileRef = 6FF423EE2AA078D800EEB4B3 /* SwiftUI.framework */; };
		6FF423F22AA078D800EEB4B3 /* WaterWidgetBundle.swift in Sources */ = {isa = PBXBuildFile; fileRef = 6FF423F12AA078D800EEB4B3 /* WaterWidgetBundle.swift */; };
		6FF423F42AA078D800EEB4B3 /* WaterWidget1.swift in Sources */ = {isa = PBXBuildFile; fileRef = 6FF423F32AA078D800EEB4B3 /* WaterWidget1.swift */; };
		6FF423F62AA078D800EEB4B3 /* AppIntent.swift in Sources */ = {isa = PBXBuildFile; fileRef = 6FF423F52AA078D800EEB4B3 /* AppIntent.swift */; };
		6FF423F82AA078DA00EEB4B3 /* Assets.xcassets in Resources */ = {isa = PBXBuildFile; fileRef = 6FF423F72AA078DA00EEB4B3 /* Assets.xcassets */; };
		6FF423FC2AA078DA00EEB4B3 /* WaterWidgetExtension.appex in Embed Foundation Extensions */ = {isa = PBXBuildFile; fileRef = 6FF423EA2AA078D700EEB4B3 /* WaterWidgetExtension.appex */; settings = {ATTRIBUTES = (RemoveHeadersOnCopy, ); }; };
		6FF424052AA3269100EEB4B3 /* WaterWidget2.swift in Sources */ = {isa = PBXBuildFile; fileRef = 6FF424032AA3269100EEB4B3 /* WaterWidget2.swift */; };
		6FF424082AA3270F00EEB4B3 /* AppIntent2.swift in Sources */ = {isa = PBXBuildFile; fileRef = 6FF424062AA3270F00EEB4B3 /* AppIntent2.swift */; };
		6FF4240B2AA3763F00EEB4B3 /* WaterWidget3.swift in Sources */ = {isa = PBXBuildFile; fileRef = 6FF424092AA3763F00EEB4B3 /* WaterWidget3.swift */; };
		6FF4240E2AA381AB00EEB4B3 /* AppIntent3.swift in Sources */ = {isa = PBXBuildFile; fileRef = 6FF4240C2AA381AB00EEB4B3 /* AppIntent3.swift */; };
/* End PBXBuildFile section */

/* Begin PBXContainerItemProxy section */
		6FF423FA2AA078DA00EEB4B3 /* PBXContainerItemProxy */ = {
			isa = PBXContainerItemProxy;
			containerPortal = 6FF423CD2AA0783B00EEB4B3 /* Project object */;
			proxyType = 1;
			remoteGlobalIDString = 6FF423E92AA078D700EEB4B3;
			remoteInfo = WaterWidgetExtension;
		};
/* End PBXContainerItemProxy section */

/* Begin PBXCopyFilesBuildPhase section */
		6FF424002AA078DA00EEB4B3 /* Embed Foundation Extensions */ = {
			isa = PBXCopyFilesBuildPhase;
			buildActionMask = 2147483647;
			dstPath = "";
			dstSubfolderSpec = 13;
			files = (
				6FF423FC2AA078DA00EEB4B3 /* WaterWidgetExtension.appex in Embed Foundation Extensions */,
			);
			name = "Embed Foundation Extensions";
			runOnlyForDeploymentPostprocessing = 0;
		};
/* End PBXCopyFilesBuildPhase section */

/* Begin PBXFileReference section */
		6F8595A72AA3923C00565CBF /* WaterWidget4.swift */ = {isa = PBXFileReference; lastKnownFileType = sourcecode.swift; path = WaterWidget4.swift; sourceTree = "<group>"; };
		6F8595A92AA3933E00565CBF /* AppIntent4.swift */ = {isa = PBXFileReference; lastKnownFileType = sourcecode.swift; path = AppIntent4.swift; sourceTree = "<group>"; };
		6F8595AB2AA3964600565CBF /* ToggleMoel.swift */ = {isa = PBXFileReference; lastKnownFileType = sourcecode.swift; path = ToggleMoel.swift; sourceTree = "<group>"; };
		6FF423D52AA0783B00EEB4B3 /* WdigetIsland.app */ = {isa = PBXFileReference; explicitFileType = wrapper.application; includeInIndex = 0; path = WdigetIsland.app; sourceTree = BUILT_PRODUCTS_DIR; };
		6FF423D82AA0783B00EEB4B3 /* WdigetIslandApp.swift */ = {isa = PBXFileReference; lastKnownFileType = sourcecode.swift; path = WdigetIslandApp.swift; sourceTree = "<group>"; };
		6FF423DA2AA0783B00EEB4B3 /* ContentView.swift */ = {isa = PBXFileReference; lastKnownFileType = sourcecode.swift; path = ContentView.swift; sourceTree = "<group>"; };
		6FF423DC2AA0783D00EEB4B3 /* Assets.xcassets */ = {isa = PBXFileReference; lastKnownFileType = folder.assetcatalog; path = Assets.xcassets; sourceTree = "<group>"; };
		6FF423DF2AA0783D00EEB4B3 /* Preview Assets.xcassets */ = {isa = PBXFileReference; lastKnownFileType = folder.assetcatalog; path = "Preview Assets.xcassets"; sourceTree = "<group>"; };
		6FF423EA2AA078D700EEB4B3 /* WaterWidgetExtension.appex */ = {isa = PBXFileReference; explicitFileType = "wrapper.app-extension"; includeInIndex = 0; path = WaterWidgetExtension.appex; sourceTree = BUILT_PRODUCTS_DIR; };
		6FF423EC2AA078D700EEB4B3 /* WidgetKit.framework */ = {isa = PBXFileReference; lastKnownFileType = wrapper.framework; name = WidgetKit.framework; path = System/Library/Frameworks/WidgetKit.framework; sourceTree = SDKROOT; };
		6FF423EE2AA078D800EEB4B3 /* SwiftUI.framework */ = {isa = PBXFileReference; lastKnownFileType = wrapper.framework; name = SwiftUI.framework; path = System/Library/Frameworks/SwiftUI.framework; sourceTree = SDKROOT; };
		6FF423F12AA078D800EEB4B3 /* WaterWidgetBundle.swift */ = {isa = PBXFileReference; lastKnownFileType = sourcecode.swift; path = WaterWidgetBundle.swift; sourceTree = "<group>"; };
		6FF423F32AA078D800EEB4B3 /* WaterWidget1.swift */ = {isa = PBXFileReference; lastKnownFileType = sourcecode.swift; path = WaterWidget1.swift; sourceTree = "<group>"; };
		6FF423F52AA078D800EEB4B3 /* AppIntent.swift */ = {isa = PBXFileReference; lastKnownFileType = sourcecode.swift; path = AppIntent.swift; sourceTree = "<group>"; };
		6FF423F72AA078DA00EEB4B3 /* Assets.xcassets */ = {isa = PBXFileReference; lastKnownFileType = folder.assetcatalog; path = Assets.xcassets; sourceTree = "<group>"; };
		6FF423F92AA078DA00EEB4B3 /* Info.plist */ = {isa = PBXFileReference; lastKnownFileType = text.plist.xml; path = Info.plist; sourceTree = "<group>"; };
		6FF424012AA0791E00EEB4B3 /* WdigetIsland.entitlements */ = {isa = PBXFileReference; lastKnownFileType = text.plist.entitlements; path = WdigetIsland.entitlements; sourceTree = "<group>"; };
		6FF424022AA0794000EEB4B3 /* WaterWidgetExtension.entitlements */ = {isa = PBXFileReference; lastKnownFileType = text.plist.entitlements; path = WaterWidgetExtension.entitlements; sourceTree = "<group>"; };
		6FF424032AA3269100EEB4B3 /* WaterWidget2.swift */ = {isa = PBXFileReference; lastKnownFileType = sourcecode.swift; path = WaterWidget2.swift; sourceTree = "<group>"; };
		6FF424062AA3270F00EEB4B3 /* AppIntent2.swift */ = {isa = PBXFileReference; lastKnownFileType = sourcecode.swift; path = AppIntent2.swift; sourceTree = "<group>"; };
		6FF424092AA3763F00EEB4B3 /* WaterWidget3.swift */ = {isa = PBXFileReference; lastKnownFileType = sourcecode.swift; path = WaterWidget3.swift; sourceTree = "<group>"; };
		6FF4240C2AA381AB00EEB4B3 /* AppIntent3.swift */ = {isa = PBXFileReference; lastKnownFileType = sourcecode.swift; path = AppIntent3.swift; sourceTree = "<group>"; };
/* End PBXFileReference section */

/* Begin PBXFrameworksBuildPhase section */
		6FF423D22AA0783B00EEB4B3 /* Frameworks */ = {
			isa = PBXFrameworksBuildPhase;
			buildActionMask = 2147483647;
			files = (
			);
			runOnlyForDeploymentPostprocessing = 0;
		};
		6FF423E72AA078D700EEB4B3 /* Frameworks */ = {
			isa = PBXFrameworksBuildPhase;
			buildActionMask = 2147483647;
			files = (
				6FF423EF2AA078D800EEB4B3 /* SwiftUI.framework in Frameworks */,
				6FF423ED2AA078D800EEB4B3 /* WidgetKit.framework in Frameworks */,
			);
			runOnlyForDeploymentPostprocessing = 0;
		};
/* End PBXFrameworksBuildPhase section */

/* Begin PBXGroup section */
		6FF423CC2AA0783B00EEB4B3 = {
			isa = PBXGroup;
			children = (
				6FF424022AA0794000EEB4B3 /* WaterWidgetExtension.entitlements */,
				6FF423D72AA0783B00EEB4B3 /* WdigetIsland */,
				6FF423F02AA078D800EEB4B3 /* WaterWidget */,
				6FF423EB2AA078D700EEB4B3 /* Frameworks */,
				6FF423D62AA0783B00EEB4B3 /* Products */,
			);
			sourceTree = "<group>";
		};
		6FF423D62AA0783B00EEB4B3 /* Products */ = {
			isa = PBXGroup;
			children = (
				6FF423D52AA0783B00EEB4B3 /* WdigetIsland.app */,
				6FF423EA2AA078D700EEB4B3 /* WaterWidgetExtension.appex */,
			);
			name = Products;
			sourceTree = "<group>";
		};
		6FF423D72AA0783B00EEB4B3 /* WdigetIsland */ = {
			isa = PBXGroup;
			children = (
				6FF424012AA0791E00EEB4B3 /* WdigetIsland.entitlements */,
				6FF423D82AA0783B00EEB4B3 /* WdigetIslandApp.swift */,
				6FF423DA2AA0783B00EEB4B3 /* ContentView.swift */,
				6FF423DC2AA0783D00EEB4B3 /* Assets.xcassets */,
				6FF423DE2AA0783D00EEB4B3 /* Preview Content */,
				6F8595AB2AA3964600565CBF /* ToggleMoel.swift */,
			);
			path = WdigetIsland;
			sourceTree = "<group>";
		};
		6FF423DE2AA0783D00EEB4B3 /* Preview Content */ = {
			isa = PBXGroup;
			children = (
				6FF423DF2AA0783D00EEB4B3 /* Preview Assets.xcassets */,
			);
			path = "Preview Content";
			sourceTree = "<group>";
		};
		6FF423EB2AA078D700EEB4B3 /* Frameworks */ = {
			isa = PBXGroup;
			children = (
				6FF423EC2AA078D700EEB4B3 /* WidgetKit.framework */,
				6FF423EE2AA078D800EEB4B3 /* SwiftUI.framework */,
			);
			name = Frameworks;
			sourceTree = "<group>";
		};
		6FF423F02AA078D800EEB4B3 /* WaterWidget */ = {
			isa = PBXGroup;
			children = (
				6FF423F12AA078D800EEB4B3 /* WaterWidgetBundle.swift */,
				6FF423F32AA078D800EEB4B3 /* WaterWidget1.swift */,
				6FF424032AA3269100EEB4B3 /* WaterWidget2.swift */,
				6FF424092AA3763F00EEB4B3 /* WaterWidget3.swift */,
				6F8595A72AA3923C00565CBF /* WaterWidget4.swift */,
				6FF423F52AA078D800EEB4B3 /* AppIntent.swift */,
				6FF424062AA3270F00EEB4B3 /* AppIntent2.swift */,
				6FF4240C2AA381AB00EEB4B3 /* AppIntent3.swift */,
				6F8595A92AA3933E00565CBF /* AppIntent4.swift */,
				6FF423F72AA078DA00EEB4B3 /* Assets.xcassets */,
				6FF423F92AA078DA00EEB4B3 /* Info.plist */,
			);
			path = WaterWidget;
			sourceTree = "<group>";
		};
/* End PBXGroup section */

/* Begin PBXNativeTarget section */
		6FF423D42AA0783B00EEB4B3 /* WdigetIsland */ = {
			isa = PBXNativeTarget;
			buildConfigurationList = 6FF423E32AA0783D00EEB4B3 /* Build configuration list for PBXNativeTarget "WdigetIsland" */;
			buildPhases = (
				6FF423D12AA0783B00EEB4B3 /* Sources */,
				6FF423D22AA0783B00EEB4B3 /* Frameworks */,
				6FF423D32AA0783B00EEB4B3 /* Resources */,
				6FF424002AA078DA00EEB4B3 /* Embed Foundation Extensions */,
			);
			buildRules = (
			);
			dependencies = (
				6FF423FB2AA078DA00EEB4B3 /* PBXTargetDependency */,
			);
			name = WdigetIsland;
			productName = WdigetIsland;
			productReference = 6FF423D52AA0783B00EEB4B3 /* WdigetIsland.app */;
			productType = "com.apple.product-type.application";
		};
		6FF423E92AA078D700EEB4B3 /* WaterWidgetExtension */ = {
			isa = PBXNativeTarget;
			buildConfigurationList = 6FF423FD2AA078DA00EEB4B3 /* Build configuration list for PBXNativeTarget "WaterWidgetExtension" */;
			buildPhases = (
				6FF423E62AA078D700EEB4B3 /* Sources */,
				6FF423E72AA078D700EEB4B3 /* Frameworks */,
				6FF423E82AA078D700EEB4B3 /* Resources */,
			);
			buildRules = (
			);
			dependencies = (
			);
			name = WaterWidgetExtension;
			productName = WaterWidgetExtension;
			productReference = 6FF423EA2AA078D700EEB4B3 /* WaterWidgetExtension.appex */;
			productType = "com.apple.product-type.app-extension";
		};
/* End PBXNativeTarget section */

/* Begin PBXProject section */
		6FF423CD2AA0783B00EEB4B3 /* Project object */ = {
			isa = PBXProject;
			attributes = {
				BuildIndependentTargetsInParallel = 1;
				LastSwiftUpdateCheck = 1500;
				LastUpgradeCheck = 1500;
				TargetAttributes = {
					6FF423D42AA0783B00EEB4B3 = {
						CreatedOnToolsVersion = 15.0;
					};
					6FF423E92AA078D700EEB4B3 = {
						CreatedOnToolsVersion = 15.0;
					};
				};
			};
			buildConfigurationList = 6FF423D02AA0783B00EEB4B3 /* Build configuration list for PBXProject "WdigetIsland" */;
			compatibilityVersion = "Xcode 14.0";
			developmentRegion = en;
			hasScannedForEncodings = 0;
			knownRegions = (
				en,
				Base,
			);
			mainGroup = 6FF423CC2AA0783B00EEB4B3;
			productRefGroup = 6FF423D62AA0783B00EEB4B3 /* Products */;
			projectDirPath = "";
			projectRoot = "";
			targets = (
				6FF423D42AA0783B00EEB4B3 /* WdigetIsland */,
				6FF423E92AA078D700EEB4B3 /* WaterWidgetExtension */,
			);
		};
/* End PBXProject section */

/* Begin PBXResourcesBuildPhase section */
		6FF423D32AA0783B00EEB4B3 /* Resources */ = {
			isa = PBXResourcesBuildPhase;
			buildActionMask = 2147483647;
			files = (
				6FF423E02AA0783D00EEB4B3 /* Preview Assets.xcassets in Resources */,
				6FF423DD2AA0783D00EEB4B3 /* Assets.xcassets in Resources */,
			);
			runOnlyForDeploymentPostprocessing = 0;
		};
		6FF423E82AA078D700EEB4B3 /* Resources */ = {
			isa = PBXResourcesBuildPhase;
			buildActionMask = 2147483647;
			files = (
				6FF423F82AA078DA00EEB4B3 /* Assets.xcassets in Resources */,
			);
			runOnlyForDeploymentPostprocessing = 0;
		};
/* End PBXResourcesBuildPhase section */

/* Begin PBXSourcesBuildPhase section */
		6FF423D12AA0783B00EEB4B3 /* Sources */ = {
			isa = PBXSourcesBuildPhase;
			buildActionMask = 2147483647;
			files = (
				6F8595A52AA38E9700565CBF /* AppIntent2.swift in Sources */,
				6FF423DB2AA0783B00EEB4B3 /* ContentView.swift in Sources */,
				6F8595AC2AA3964600565CBF /* ToggleMoel.swift in Sources */,
				6F8595A42AA38E9500565CBF /* AppIntent3.swift in Sources */,
				6F8595A62AA38E9900565CBF /* AppIntent.swift in Sources */,
				6FF423D92AA0783B00EEB4B3 /* WdigetIslandApp.swift in Sources */,
			);
			runOnlyForDeploymentPostprocessing = 0;
		};
		6FF423E62AA078D700EEB4B3 /* Sources */ = {
			isa = PBXSourcesBuildPhase;
			buildActionMask = 2147483647;
			files = (
				6F8595A82AA3923C00565CBF /* WaterWidget4.swift in Sources */,
				6FF423F22AA078D800EEB4B3 /* WaterWidgetBundle.swift in Sources */,
				6FF4240B2AA3763F00EEB4B3 /* WaterWidget3.swift in Sources */,
				6F8595AA2AA3933E00565CBF /* AppIntent4.swift in Sources */,
				6FF423F42AA078D800EEB4B3 /* WaterWidget1.swift in Sources */,
				6FF424082AA3270F00EEB4B3 /* AppIntent2.swift in Sources */,
				6F8595AD2AA3964600565CBF /* ToggleMoel.swift in Sources */,
				6FF424052AA3269100EEB4B3 /* WaterWidget2.swift in Sources */,
				6FF4240E2AA381AB00EEB4B3 /* AppIntent3.swift in Sources */,
				6FF423F62AA078D800EEB4B3 /* AppIntent.swift in Sources */,
			);
			runOnlyForDeploymentPostprocessing = 0;
		};
/* End PBXSourcesBuildPhase section */

/* Begin PBXTargetDependency section */
		6FF423FB2AA078DA00EEB4B3 /* PBXTargetDependency */ = {
			isa = PBXTargetDependency;
			target = 6FF423E92AA078D700EEB4B3 /* WaterWidgetExtension */;
			targetProxy = 6FF423FA2AA078DA00EEB4B3 /* PBXContainerItemProxy */;
		};
/* End PBXTargetDependency section */

/* Begin XCBuildConfiguration section */
		6FF423E12AA0783D00EEB4B3 /* Debug */ = {
			isa = XCBuildConfiguration;
			buildSettings = {
				ALWAYS_SEARCH_USER_PATHS = NO;
				ASSETCATALOG_COMPILER_GENERATE_SWIFT_ASSET_SYMBOL_EXTENSIONS = YES;
				CLANG_ANALYZER_NONNULL = YES;
				CLANG_ANALYZER_NUMBER_OBJECT_CONVERSION = YES_AGGRESSIVE;
				CLANG_CXX_LANGUAGE_STANDARD = "gnu++20";
				CLANG_ENABLE_MODULES = YES;
				CLANG_ENABLE_OBJC_ARC = YES;
				CLANG_ENABLE_OBJC_WEAK = YES;
				CLANG_WARN_BLOCK_CAPTURE_AUTORELEASING = YES;
				CLANG_WARN_BOOL_CONVERSION = YES;
				CLANG_WARN_COMMA = YES;
				CLANG_WARN_CONSTANT_CONVERSION = YES;
				CLANG_WARN_DEPRECATED_OBJC_IMPLEMENTATIONS = YES;
				CLANG_WARN_DIRECT_OBJC_ISA_USAGE = YES_ERROR;
				CLANG_WARN_DOCUMENTATION_COMMENTS = YES;
				CLANG_WARN_EMPTY_BODY = YES;
				CLANG_WARN_ENUM_CONVERSION = YES;
				CLANG_WARN_INFINITE_RECURSION = YES;
				CLANG_WARN_INT_CONVERSION = YES;
				CLANG_WARN_NON_LITERAL_NULL_CONVERSION = YES;
				CLANG_WARN_OBJC_IMPLICIT_RETAIN_SELF = YES;
				CLANG_WARN_OBJC_LITERAL_CONVERSION = YES;
				CLANG_WARN_OBJC_ROOT_CLASS = YES_ERROR;
				CLANG_WARN_QUOTED_INCLUDE_IN_FRAMEWORK_HEADER = YES;
				CLANG_WARN_RANGE_LOOP_ANALYSIS = YES;
				CLANG_WARN_STRICT_PROTOTYPES = YES;
				CLANG_WARN_SUSPICIOUS_MOVE = YES;
				CLANG_WARN_UNGUARDED_AVAILABILITY = YES_AGGRESSIVE;
				CLANG_WARN_UNREACHABLE_CODE = YES;
				CLANG_WARN__DUPLICATE_METHOD_MATCH = YES;
				COPY_PHASE_STRIP = NO;
				DEBUG_INFORMATION_FORMAT = dwarf;
				ENABLE_STRICT_OBJC_MSGSEND = YES;
				ENABLE_TESTABILITY = YES;
				ENABLE_USER_SCRIPT_SANDBOXING = YES;
				GCC_C_LANGUAGE_STANDARD = gnu17;
				GCC_DYNAMIC_NO_PIC = NO;
				GCC_NO_COMMON_BLOCKS = YES;
				GCC_OPTIMIZATION_LEVEL = 0;
				GCC_PREPROCESSOR_DEFINITIONS = (
					"DEBUG=1",
					"$(inherited)",
				);
				GCC_WARN_64_TO_32_BIT_CONVERSION = YES;
				GCC_WARN_ABOUT_RETURN_TYPE = YES_ERROR;
				GCC_WARN_UNDECLARED_SELECTOR = YES;
				GCC_WARN_UNINITIALIZED_AUTOS = YES_AGGRESSIVE;
				GCC_WARN_UNUSED_FUNCTION = YES;
				GCC_WARN_UNUSED_VARIABLE = YES;
				IPHONEOS_DEPLOYMENT_TARGET = 17.0;
				LOCALIZATION_PREFERS_STRING_CATALOGS = YES;
				MTL_ENABLE_DEBUG_INFO = INCLUDE_SOURCE;
				MTL_FAST_MATH = YES;
				ONLY_ACTIVE_ARCH = YES;
				SDKROOT = iphoneos;
				SWIFT_ACTIVE_COMPILATION_CONDITIONS = "DEBUG $(inherited)";
				SWIFT_OPTIMIZATION_LEVEL = "-Onone";
			};
			name = Debug;
		};
		6FF423E22AA0783D00EEB4B3 /* Release */ = {
			isa = XCBuildConfiguration;
			buildSettings = {
				ALWAYS_SEARCH_USER_PATHS = NO;
				ASSETCATALOG_COMPILER_GENERATE_SWIFT_ASSET_SYMBOL_EXTENSIONS = YES;
				CLANG_ANALYZER_NONNULL = YES;
				CLANG_ANALYZER_NUMBER_OBJECT_CONVERSION = YES_AGGRESSIVE;
				CLANG_CXX_LANGUAGE_STANDARD = "gnu++20";
				CLANG_ENABLE_MODULES = YES;
				CLANG_ENABLE_OBJC_ARC = YES;
				CLANG_ENABLE_OBJC_WEAK = YES;
				CLANG_WARN_BLOCK_CAPTURE_AUTORELEASING = YES;
				CLANG_WARN_BOOL_CONVERSION = YES;
				CLANG_WARN_COMMA = YES;
				CLANG_WARN_CONSTANT_CONVERSION = YES;
				CLANG_WARN_DEPRECATED_OBJC_IMPLEMENTATIONS = YES;
				CLANG_WARN_DIRECT_OBJC_ISA_USAGE = YES_ERROR;
				CLANG_WARN_DOCUMENTATION_COMMENTS = YES;
				CLANG_WARN_EMPTY_BODY = YES;
				CLANG_WARN_ENUM_CONVERSION = YES;
				CLANG_WARN_INFINITE_RECURSION = YES;
				CLANG_WARN_INT_CONVERSION = YES;
				CLANG_WARN_NON_LITERAL_NULL_CONVERSION = YES;
				CLANG_WARN_OBJC_IMPLICIT_RETAIN_SELF = YES;
				CLANG_WARN_OBJC_LITERAL_CONVERSION = YES;
				CLANG_WARN_OBJC_ROOT_CLASS = YES_ERROR;
				CLANG_WARN_QUOTED_INCLUDE_IN_FRAMEWORK_HEADER = YES;
				CLANG_WARN_RANGE_LOOP_ANALYSIS = YES;
				CLANG_WARN_STRICT_PROTOTYPES = YES;
				CLANG_WARN_SUSPICIOUS_MOVE = YES;
				CLANG_WARN_UNGUARDED_AVAILABILITY = YES_AGGRESSIVE;
				CLANG_WARN_UNREACHABLE_CODE = YES;
				CLANG_WARN__DUPLICATE_METHOD_MATCH = YES;
				COPY_PHASE_STRIP = NO;
				DEBUG_INFORMATION_FORMAT = "dwarf-with-dsym";
				ENABLE_NS_ASSERTIONS = NO;
				ENABLE_STRICT_OBJC_MSGSEND = YES;
				ENABLE_USER_SCRIPT_SANDBOXING = YES;
				GCC_C_LANGUAGE_STANDARD = gnu17;
				GCC_NO_COMMON_BLOCKS = YES;
				GCC_WARN_64_TO_32_BIT_CONVERSION = YES;
				GCC_WARN_ABOUT_RETURN_TYPE = YES_ERROR;
				GCC_WARN_UNDECLARED_SELECTOR = YES;
				GCC_WARN_UNINITIALIZED_AUTOS = YES_AGGRESSIVE;
				GCC_WARN_UNUSED_FUNCTION = YES;
				GCC_WARN_UNUSED_VARIABLE = YES;
				IPHONEOS_DEPLOYMENT_TARGET = 17.0;
				LOCALIZATION_PREFERS_STRING_CATALOGS = YES;
				MTL_ENABLE_DEBUG_INFO = NO;
				MTL_FAST_MATH = YES;
				SDKROOT = iphoneos;
				SWIFT_COMPILATION_MODE = wholemodule;
				VALIDATE_PRODUCT = YES;
			};
			name = Release;
		};
		6FF423E42AA0783D00EEB4B3 /* Debug */ = {
			isa = XCBuildConfiguration;
			buildSettings = {
				ALWAYS_EMBED_SWIFT_STANDARD_LIBRARIES = YES;
				ASSETCATALOG_COMPILER_APPICON_NAME = AppIcon;
				ASSETCATALOG_COMPILER_GLOBAL_ACCENT_COLOR_NAME = AccentColor;
				CODE_SIGN_ENTITLEMENTS = WdigetIsland/WdigetIsland.entitlements;
				CODE_SIGN_STYLE = Automatic;
				CURRENT_PROJECT_VERSION = 1;
				DEVELOPMENT_ASSET_PATHS = "\"WdigetIsland/Preview Content\"";
				DEVELOPMENT_TEAM = "";
				ENABLE_PREVIEWS = YES;
				GENERATE_INFOPLIST_FILE = YES;
				INFOPLIST_KEY_UIApplicationSceneManifest_Generation = YES;
				INFOPLIST_KEY_UIApplicationSupportsIndirectInputEvents = YES;
				INFOPLIST_KEY_UILaunchScreen_Generation = YES;
				INFOPLIST_KEY_UISupportedInterfaceOrientations_iPad = "UIInterfaceOrientationPortrait UIInterfaceOrientationPortraitUpsideDown UIInterfaceOrientationLandscapeLeft UIInterfaceOrientationLandscapeRight";
				INFOPLIST_KEY_UISupportedInterfaceOrientations_iPhone = "UIInterfaceOrientationPortrait UIInterfaceOrientationLandscapeLeft UIInterfaceOrientationLandscapeRight";
				LD_RUNPATH_SEARCH_PATHS = (
					"$(inherited)",
					"@executable_path/Frameworks",
				);
				MARKETING_VERSION = 1.0;
				PRODUCT_BUNDLE_IDENTIFIER = phyonline.com.WdigetIsland;
				PRODUCT_NAME = "$(TARGET_NAME)";
				SWIFT_EMIT_LOC_STRINGS = YES;
				SWIFT_VERSION = 5.0;
				TARGETED_DEVICE_FAMILY = "1,2";
			};
			name = Debug;
		};
		6FF423E52AA0783D00EEB4B3 /* Release */ = {
			isa = XCBuildConfiguration;
			buildSettings = {
				ALWAYS_EMBED_SWIFT_STANDARD_LIBRARIES = YES;
				ASSETCATALOG_COMPILER_APPICON_NAME = AppIcon;
				ASSETCATALOG_COMPILER_GLOBAL_ACCENT_COLOR_NAME = AccentColor;
				CODE_SIGN_ENTITLEMENTS = WdigetIsland/WdigetIsland.entitlements;
				CODE_SIGN_STYLE = Automatic;
				CURRENT_PROJECT_VERSION = 1;
				DEVELOPMENT_ASSET_PATHS = "\"WdigetIsland/Preview Content\"";
				DEVELOPMENT_TEAM = "";
				ENABLE_PREVIEWS = YES;
				GENERATE_INFOPLIST_FILE = YES;
				INFOPLIST_KEY_UIApplicationSceneManifest_Generation = YES;
				INFOPLIST_KEY_UIApplicationSupportsIndirectInputEvents = YES;
				INFOPLIST_KEY_UILaunchScreen_Generation = YES;
				INFOPLIST_KEY_UISupportedInterfaceOrientations_iPad = "UIInterfaceOrientationPortrait UIInterfaceOrientationPortraitUpsideDown UIInterfaceOrientationLandscapeLeft UIInterfaceOrientationLandscapeRight";
				INFOPLIST_KEY_UISupportedInterfaceOrientations_iPhone = "UIInterfaceOrientationPortrait UIInterfaceOrientationLandscapeLeft UIInterfaceOrientationLandscapeRight";
				LD_RUNPATH_SEARCH_PATHS = (
					"$(inherited)",
					"@executable_path/Frameworks",
				);
				MARKETING_VERSION = 1.0;
				PRODUCT_BUNDLE_IDENTIFIER = phyonline.com.WdigetIsland;
				PRODUCT_NAME = "$(TARGET_NAME)";
				SWIFT_EMIT_LOC_STRINGS = YES;
				SWIFT_VERSION = 5.0;
				TARGETED_DEVICE_FAMILY = "1,2";
			};
			name = Release;
		};
		6FF423FE2AA078DA00EEB4B3 /* Debug */ = {
			isa = XCBuildConfiguration;
			buildSettings = {
				ASSETCATALOG_COMPILER_GLOBAL_ACCENT_COLOR_NAME = AccentColor;
				ASSETCATALOG_COMPILER_WIDGET_BACKGROUND_COLOR_NAME = WidgetBackground;
				CODE_SIGN_ENTITLEMENTS = WaterWidgetExtension.entitlements;
				CODE_SIGN_STYLE = Automatic;
				CURRENT_PROJECT_VERSION = 1;
				DEVELOPMENT_TEAM = "";
				GENERATE_INFOPLIST_FILE = YES;
				INFOPLIST_FILE = WaterWidget/Info.plist;
				INFOPLIST_KEY_CFBundleDisplayName = WaterWidget;
				INFOPLIST_KEY_NSHumanReadableCopyright = "";
				LD_RUNPATH_SEARCH_PATHS = (
					"$(inherited)",
					"@executable_path/Frameworks",
					"@executable_path/../../Frameworks",
				);
				MARKETING_VERSION = 1.0;
				PRODUCT_BUNDLE_IDENTIFIER = phyonline.com.WdigetIsland.WaterWidget;
				PRODUCT_NAME = "$(TARGET_NAME)";
				SKIP_INSTALL = YES;
				SWIFT_EMIT_LOC_STRINGS = YES;
				SWIFT_VERSION = 5.0;
				TARGETED_DEVICE_FAMILY = "1,2";
			};
			name = Debug;
		};
		6FF423FF2AA078DA00EEB4B3 /* Release */ = {
			isa = XCBuildConfiguration;
			buildSettings = {
				ASSETCATALOG_COMPILER_GLOBAL_ACCENT_COLOR_NAME = AccentColor;
				ASSETCATALOG_COMPILER_WIDGET_BACKGROUND_COLOR_NAME = WidgetBackground;
				CODE_SIGN_ENTITLEMENTS = WaterWidgetExtension.entitlements;
				CODE_SIGN_STYLE = Automatic;
				CURRENT_PROJECT_VERSION = 1;
				DEVELOPMENT_TEAM = "";
				GENERATE_INFOPLIST_FILE = YES;
				INFOPLIST_FILE = WaterWidget/Info.plist;
				INFOPLIST_KEY_CFBundleDisplayName = WaterWidget;
				INFOPLIST_KEY_NSHumanReadableCopyright = "";
				LD_RUNPATH_SEARCH_PATHS = (
					"$(inherited)",
					"@executable_path/Frameworks",
					"@executable_path/../../Frameworks",
				);
				MARKETING_VERSION = 1.0;
				PRODUCT_BUNDLE_IDENTIFIER = phyonline.com.WdigetIsland.WaterWidget;
				PRODUCT_NAME = "$(TARGET_NAME)";
				SKIP_INSTALL = YES;
				SWIFT_EMIT_LOC_STRINGS = YES;
				SWIFT_VERSION = 5.0;
				TARGETED_DEVICE_FAMILY = "1,2";
			};
			name = Release;
		};
/* End XCBuildConfiguration section */

/* Begin XCConfigurationList section */
		6FF423D02AA0783B00EEB4B3 /* Build configuration list for PBXProject "WdigetIsland" */ = {
			isa = XCConfigurationList;
			buildConfigurations = (
				6FF423E12AA0783D00EEB4B3 /* Debug */,
				6FF423E22AA0783D00EEB4B3 /* Release */,
			);
			defaultConfigurationIsVisible = 0;
			defaultConfigurationName = Release;
		};
		6FF423E32AA0783D00EEB4B3 /* Build configuration list for PBXNativeTarget "WdigetIsland" */ = {
			isa = XCConfigurationList;
			buildConfigurations = (
				6FF423E42AA0783D00EEB4B3 /* Debug */,
				6FF423E52AA0783D00EEB4B3 /* Release */,
			);
			defaultConfigurationIsVisible = 0;
			defaultConfigurationName = Release;
		};
		6FF423FD2AA078DA00EEB4B3 /* Build configuration list for PBXNativeTarget "WaterWidgetExtension" */ = {
			isa = XCConfigurationList;
			buildConfigurations = (
				6FF423FE2AA078DA00EEB4B3 /* Debug */,
				6FF423FF2AA078DA00EEB4B3 /* Release */,
			);
			defaultConfigurationIsVisible = 0;
			defaultConfigurationName = Release;
		};
/* End XCConfigurationList section */
	};
	rootObject = 6FF423CD2AA0783B00EEB4B3 /* Project object */;
}
